{
  "pins" : [
    {
      "identity" : "native-background-geolocation",
      "kind" : "remoteSourceControl",
      "location" : "https://github.com/transistorsoft/native-background-geolocation.git",
      "state" : {
        "revision" : "db90bd9d0cedf0bbab22b15f43cc1dda57e0c208",
        "version" : "4.1.0"
      }
    },
    {
      "identity" : "transistor-background-fetch",
      "kind" : "remoteSourceControl",
      "location" : "https://github.com/transistorsoft/transistor-background-fetch.git",
      "state" : {
        "revision" : "ba64a5ca902b36601a0c8a9a46d5510cf7a63c1c",
        "version" : "4.0.6"
      }
    }
  ],
  "version" : 2
}
