{
  "originHash" : "3694b46d91a18a1b2787a287b3d102a5957ad8dc211f3e0b19d02e9a0f51fd02",
  "pins" : [
    {
      "identity" : "cocoalumberjack",
      "kind" : "remoteSourceControl",
      "location" : "https://github.com/CocoaLumberjack/CocoaLumberjack.git",
      "state" : {
        "revision" : "a9ed4b6f9bdedce7d77046f43adfb8ce1fd54114",
        "version" : "3.9.0"
      }
    },
    {
      "identity" : "swift-log",
      "kind" : "remoteSourceControl",
      "location" : "https://github.com/apple/swift-log",
      "state" : {
        "revision" : "ce592ae52f982c847a4efc0dd881cc9eb32d29f2",
        "version" : "1.6.4"
      }
    }
  ],
  "version" : 3
}
